
Microsoft Visual Studio Solution File, Format Version 12.00
# Visual Studio Version 16
VisualStudioVersion = 16.0.29411.108
MinimumVisualStudioVersion = 10.0.40219.1
Project("{FAE04EC0-301F-11D3-BF4B-00C04F79EFBC}") = "AspNetCore.Server.AspNet.IntegrationTests", "AspNetCore.Server.AspNet.IntegrationTests\AspNetCore.Server.AspNet.IntegrationTests.csproj", "{86B87813-F34E-4305-B8CC-25BFE5CABDE9}"
EndProject
Project("{9A19103F-16F7-4668-BE54-9A1E7A4F7556}") = "AspNetCore.Server.AspNet", "AspNetCore.Server.AspNet\AspNetCore.Server.AspNet.csproj", "{9F6D3665-1DDA-486F-A5DE-C3D48AFD2E39}"
EndProject
Project("{9A19103F-16F7-4668-BE54-9A1E7A4F7556}") = "AspNetCore.Server.AspNet.Tests", "AspNetCore.Server.AspNet.Tests\AspNetCore.Server.AspNet.Tests.csproj", "{107237B6-2911-43F8-9D41-C234ABE662DC}"
EndProject
Project("{2150E333-8FDC-42A3-9474-1A3956D46DE8}") = "Solution Items", "Solution Items", "{56A441B3-756F-4318-B6B0-EC4DD64756CE}"
	ProjectSection(SolutionItems) = preProject
		.gitignore = .gitignore
		README.md = README.md
		stylecop.json = stylecop.json
	EndProjectSection
EndProject
Global
	GlobalSection(SolutionConfigurationPlatforms) = preSolution
		Debug|Any CPU = Debug|Any CPU
		Release|Any CPU = Release|Any CPU
	EndGlobalSection
	GlobalSection(ProjectConfigurationPlatforms) = postSolution
		{86B87813-F34E-4305-B8CC-25BFE5CABDE9}.Debug|Any CPU.ActiveCfg = Debug|Any CPU
		{86B87813-F34E-4305-B8CC-25BFE5CABDE9}.Debug|Any CPU.Build.0 = Debug|Any CPU
		{86B87813-F34E-4305-B8CC-25BFE5CABDE9}.Release|Any CPU.ActiveCfg = Release|Any CPU
		{86B87813-F34E-4305-B8CC-25BFE5CABDE9}.Release|Any CPU.Build.0 = Release|Any CPU
		{9F6D3665-1DDA-486F-A5DE-C3D48AFD2E39}.Debug|Any CPU.ActiveCfg = Debug|Any CPU
		{9F6D3665-1DDA-486F-A5DE-C3D48AFD2E39}.Debug|Any CPU.Build.0 = Debug|Any CPU
		{9F6D3665-1DDA-486F-A5DE-C3D48AFD2E39}.Release|Any CPU.ActiveCfg = Release|Any CPU
		{9F6D3665-1DDA-486F-A5DE-C3D48AFD2E39}.Release|Any CPU.Build.0 = Release|Any CPU
		{107237B6-2911-43F8-9D41-C234ABE662DC}.Debug|Any CPU.ActiveCfg = Debug|Any CPU
		{107237B6-2911-43F8-9D41-C234ABE662DC}.Debug|Any CPU.Build.0 = Debug|Any CPU
		{107237B6-2911-43F8-9D41-C234ABE662DC}.Release|Any CPU.ActiveCfg = Release|Any CPU
		{107237B6-2911-43F8-9D41-C234ABE662DC}.Release|Any CPU.Build.0 = Release|Any CPU
	EndGlobalSection
	GlobalSection(SolutionProperties) = preSolution
		HideSolutionNode = FALSE
	EndGlobalSection
	GlobalSection(ExtensibilityGlobals) = postSolution
		SolutionGuid = {CFBC9A9C-56DB-4DC5-A513-5BA7B041BC72}
	EndGlobalSection
EndGlobal
